Microsoft Visual Studio Solution File, Format Version 11.00
# Visual Studio 2008

Project("{8C0CFF4B-A957-1160-D83F-EDBAE2E3C0A7}") = "Spiders in My office", "Assembly-CSharp-firstpass.csproj", "{521F47DD-EEA0-4FF8-E388-2C0306CA8CB5}"
EndProject
Project("{8C0CFF4B-A957-1160-D83F-EDBAE2E3C0A7}") = "Spiders in My office", "Assembly-CSharp.csproj", "{A856132C-4B6C-C8B3-22FF-E80DBF1B1FCD}"
EndProject
Project("{8C0CFF4B-A957-1160-D83F-EDBAE2E3C0A7}") = "Spiders in My office", "Assembly-CSharp-Editor-firstpass.csproj", "{77142E10-80B9-0346-4170-96462AD2ED95}"
EndProject
Project("{8C0CFF4B-A957-1160-D83F-EDBAE2E3C0A7}") = "Spiders in My office", "Assembly-CSharp-Editor.csproj", "{C5246B4B-9639-ACA4-BF7C-28592F6A19EA}"
EndProject
Global
	GlobalSection(SolutionConfigurationPlatforms) = preSolution
		Debug|Any CPU = Debug|Any CPU
		Release|Any CPU = Release|Any CPU
	EndGlobalSection
	GlobalSection(ProjectConfigurationPlatforms) = postSolution
		{521F47DD-EEA0-4FF8-E388-2C0306CA8CB5}.Debug|Any CPU.ActiveCfg = Debug|Any CPU
		{521F47DD-EEA0-4FF8-E388-2C0306CA8CB5}.Debug|Any CPU.Build.0 = Debug|Any CPU
		{521F47DD-EEA0-4FF8-E388-2C0306CA8CB5}.Release|Any CPU.ActiveCfg = Release|Any CPU
		{521F47DD-EEA0-4FF8-E388-2C0306CA8CB5}.Release|Any CPU.Build.0 = Release|Any CPU
		{A856132C-4B6C-C8B3-22FF-E80DBF1B1FCD}.Debug|Any CPU.ActiveCfg = Debug|Any CPU
		{A856132C-4B6C-C8B3-22FF-E80DBF1B1FCD}.Debug|Any CPU.Build.0 = Debug|Any CPU
		{A856132C-4B6C-C8B3-22FF-E80DBF1B1FCD}.Release|Any CPU.ActiveCfg = Release|Any CPU
		{A856132C-4B6C-C8B3-22FF-E80DBF1B1FCD}.Release|Any CPU.Build.0 = Release|Any CPU
		{77142E10-80B9-0346-4170-96462AD2ED95}.Debug|Any CPU.ActiveCfg = Debug|Any CPU
		{77142E10-80B9-0346-4170-96462AD2ED95}.Debug|Any CPU.Build.0 = Debug|Any CPU
		{77142E10-80B9-0346-4170-96462AD2ED95}.Release|Any CPU.ActiveCfg = Release|Any CPU
		{77142E10-80B9-0346-4170-96462AD2ED95}.Release|Any CPU.Build.0 = Release|Any CPU
		{C5246B4B-9639-ACA4-BF7C-28592F6A19EA}.Debug|Any CPU.ActiveCfg = Debug|Any CPU
		{C5246B4B-9639-ACA4-BF7C-28592F6A19EA}.Debug|Any CPU.Build.0 = Debug|Any CPU
		{C5246B4B-9639-ACA4-BF7C-28592F6A19EA}.Release|Any CPU.ActiveCfg = Release|Any CPU
		{C5246B4B-9639-ACA4-BF7C-28592F6A19EA}.Release|Any CPU.Build.0 = Release|Any CPU
	EndGlobalSection
	GlobalSection(SolutionProperties) = preSolution
		HideSolutionNode = FALSE
	EndGlobalSection
	GlobalSection(MonoDevelopProperties) = preSolution
		StartupItem = Assembly-CSharp.csproj
	EndGlobalSection
EndGlobal
